// !$*UTF8*$!
{
	archiveVersion = 1;
	classes = {
	};
	objectVersion = 55;
	objects = {

/* Begin PBXBuildFile section */
		606926EF286902DB00016EA2 /* HomeViewController.swift in Sources */ = {isa = PBXBuildFile; fileRef = 606926ED286902DB00016EA2 /* HomeViewController.swift */; };
		606926F0286902DB00016EA2 /* HomeViewController.xib in Resources */ = {isa = PBXBuildFile; fileRef = 606926EE286902DB00016EA2 /* HomeViewController.xib */; };
		606926F22869178C00016EA2 /* UIButtonExtension.swift in Sources */ = {isa = PBXBuildFile; fileRef = 606926F12869178C00016EA2 /* UIButtonExtension.swift */; };
		60FD8DAD285D441000B652C8 /* AppDelegate.swift in Sources */ = {isa = PBXBuildFile; fileRef = 60FD8DAC285D441000B652C8 /* AppDelegate.swift */; };
		60FD8DB6285D441600B652C8 /* Assets.xcassets in Resources */ = {isa = PBXBuildFile; fileRef = 60FD8DB5285D441600B652C8 /* Assets.xcassets */; };
		60FD8DB9285D441600B652C8 /* LaunchScreen.storyboard in Resources */ = {isa = PBXBuildFile; fileRef = 60FD8DB7285D441600B652C8 /* LaunchScreen.storyboard */; };
		60FD8DC4285D441700B652C8 /* iOS_CalculatorTests.swift in Sources */ = {isa = PBXBuildFile; fileRef = 60FD8DC3285D441700B652C8 /* iOS_CalculatorTests.swift */; };
		60FD8DCE285D441700B652C8 /* iOS_CalculatorUITests.swift in Sources */ = {isa = PBXBuildFile; fileRef = 60FD8DCD285D441700B652C8 /* iOS_CalculatorUITests.swift */; };
		60FD8DD0285D441700B652C8 /* iOS_CalculatorUITestsLaunchTests.swift in Sources */ = {isa = PBXBuildFile; fileRef = 60FD8DCF285D441700B652C8 /* iOS_CalculatorUITestsLaunchTests.swift */; };
/* End PBXBuildFile section */

/* Begin PBXContainerItemProxy section */
		60FD8DC0285D441600B652C8 /* PBXContainerItemProxy */ = {
			isa = PBXContainerItemProxy;
			containerPortal = 60FD8DA1285D441000B652C8 /* Project object */;
			proxyType = 1;
			remoteGlobalIDString = 60FD8DA8285D441000B652C8;
			remoteInfo = "iOS-Calculator";
		};
		60FD8DCA285D441700B652C8 /* PBXContainerItemProxy */ = {
			isa = PBXContainerItemProxy;
			containerPortal = 60FD8DA1285D441000B652C8 /* Project object */;
			proxyType = 1;
			remoteGlobalIDString = 60FD8DA8285D441000B652C8;
			remoteInfo = "iOS-Calculator";
		};
/* End PBXContainerItemProxy section */

/* Begin PBXFileReference section */
		606926ED286902DB00016EA2 /* HomeViewController.swift */ = {isa = PBXFileReference; lastKnownFileType = sourcecode.swift; path = HomeViewController.swift; sourceTree = "<group>"; };
		606926EE286902DB00016EA2 /* HomeViewController.xib */ = {isa = PBXFileReference; lastKnownFileType = file.xib; path = HomeViewController.xib; sourceTree = "<group>"; };
		606926F12869178C00016EA2 /* UIButtonExtension.swift */ = {isa = PBXFileReference; lastKnownFileType = sourcecode.swift; path = UIButtonExtension.swift; sourceTree = "<group>"; };
		60FD8DA9285D441000B652C8 /* iOS-Calculator.app */ = {isa = PBXFileReference; explicitFileType = wrapper.application; includeInIndex = 0; path = "iOS-Calculator.app"; sourceTree = BUILT_PRODUCTS_DIR; };
		60FD8DAC285D441000B652C8 /* AppDelegate.swift */ = {isa = PBXFileReference; lastKnownFileType = sourcecode.swift; path = AppDelegate.swift; sourceTree = "<group>"; };
		60FD8DB5285D441600B652C8 /* Assets.xcassets */ = {isa = PBXFileReference; lastKnownFileType = folder.assetcatalog; path = Assets.xcassets; sourceTree = "<group>"; };
		60FD8DB8285D441600B652C8 /* Base */ = {isa = PBXFileReference; lastKnownFileType = file.storyboard; name = Base; path = Base.lproj/LaunchScreen.storyboard; sourceTree = "<group>"; };
		60FD8DBA285D441600B652C8 /* Info.plist */ = {isa = PBXFileReference; lastKnownFileType = text.plist.xml; path = Info.plist; sourceTree = "<group>"; };
		60FD8DBF285D441600B652C8 /* iOS-CalculatorTests.xctest */ = {isa = PBXFileReference; explicitFileType = wrapper.cfbundle; includeInIndex = 0; path = "iOS-CalculatorTests.xctest"; sourceTree = BUILT_PRODUCTS_DIR; };
		60FD8DC3285D441700B652C8 /* iOS_CalculatorTests.swift */ = {isa = PBXFileReference; lastKnownFileType = sourcecode.swift; path = iOS_CalculatorTests.swift; sourceTree = "<group>"; };
		60FD8DC9285D441700B652C8 /* iOS-CalculatorUITests.xctest */ = {isa = PBXFileReference; explicitFileType = wrapper.cfbundle; includeInIndex = 0; path = "iOS-CalculatorUITests.xctest"; sourceTree = BUILT_PRODUCTS_DIR; };
		60FD8DCD285D441700B652C8 /* iOS_CalculatorUITests.swift */ = {isa = PBXFileReference; lastKnownFileType = sourcecode.swift; path = iOS_CalculatorUITests.swift; sourceTree = "<group>"; };
		60FD8DCF285D441700B652C8 /* iOS_CalculatorUITestsLaunchTests.swift */ = {isa = PBXFileReference; lastKnownFileType = sourcecode.swift; path = iOS_CalculatorUITestsLaunchTests.swift; sourceTree = "<group>"; };
/* End PBXFileReference section */

/* Begin PBXFrameworksBuildPhase section */
		60FD8DA6285D441000B652C8 /* Frameworks */ = {
			isa = PBXFrameworksBuildPhase;
			buildActionMask = 2147483647;
			files = (
			);
			runOnlyForDeploymentPostprocessing = 0;
		};
		60FD8DBC285D441600B652C8 /* Frameworks */ = {
			isa = PBXFrameworksBuildPhase;
			buildActionMask = 2147483647;
			files = (
			);
			runOnlyForDeploymentPostprocessing = 0;
		};
		60FD8DC6285D441700B652C8 /* Frameworks */ = {
			isa = PBXFrameworksBuildPhase;
			buildActionMask = 2147483647;
			files = (
			);
			runOnlyForDeploymentPostprocessing = 0;
		};
/* End PBXFrameworksBuildPhase section */

/* Begin PBXGroup section */
		606926E52869019700016EA2 /* Model */ = {
			isa = PBXGroup;
			children = (
			);
			path = Model;
			sourceTree = "<group>";
		};
		606926E62869019F00016EA2 /* Controller */ = {
			isa = PBXGroup;
			children = (
				606926EC286902AB00016EA2 /* Home */,
			);
			path = Controller;
			sourceTree = "<group>";
		};
		606926E7286901A500016EA2 /* View */ = {
			isa = PBXGroup;
			children = (
				606926EB2869029F00016EA2 /* Home */,
				606926EA286901D500016EA2 /* Launch */,
			);
			path = View;
			sourceTree = "<group>";
		};
		606926E8286901AB00016EA2 /* Util */ = {
			isa = PBXGroup;
			children = (
				606926F12869178C00016EA2 /* UIButtonExtension.swift */,
			);
			path = Util;
			sourceTree = "<group>";
		};
		606926EA286901D500016EA2 /* Launch */ = {
			isa = PBXGroup;
			children = (
				60FD8DB7285D441600B652C8 /* LaunchScreen.storyboard */,
			);
			path = Launch;
			sourceTree = "<group>";
		};
		606926EB2869029F00016EA2 /* Home */ = {
			isa = PBXGroup;
			children = (
				606926EE286902DB00016EA2 /* HomeViewController.xib */,
			);
			path = Home;
			sourceTree = "<group>";
		};
		606926EC286902AB00016EA2 /* Home */ = {
			isa = PBXGroup;
			children = (
				606926ED286902DB00016EA2 /* HomeViewController.swift */,
			);
			path = Home;
			sourceTree = "<group>";
		};
		60FD8DA0285D441000B652C8 = {
			isa = PBXGroup;
			children = (
				60FD8DAB285D441000B652C8 /* iOS-Calculator */,
				60FD8DC2285D441600B652C8 /* iOS-CalculatorTests */,
				60FD8DCC285D441700B652C8 /* iOS-CalculatorUITests */,
				60FD8DAA285D441000B652C8 /* Products */,
			);
			sourceTree = "<group>";
		};
		60FD8DAA285D441000B652C8 /* Products */ = {
			isa = PBXGroup;
			children = (
				60FD8DA9285D441000B652C8 /* iOS-Calculator.app */,
				60FD8DBF285D441600B652C8 /* iOS-CalculatorTests.xctest */,
				60FD8DC9285D441700B652C8 /* iOS-CalculatorUITests.xctest */,
			);
			name = Products;
			sourceTree = "<group>";
		};
		60FD8DAB285D441000B652C8 /* iOS-Calculator */ = {
			isa = PBXGroup;
			children = (
				60FD8DAC285D441000B652C8 /* AppDelegate.swift */,
				606926E8286901AB00016EA2 /* Util */,
				606926E7286901A500016EA2 /* View */,
				606926E62869019F00016EA2 /* Controller */,
				606926E52869019700016EA2 /* Model */,
				60FD8DDC285D44BF00B652C8 /* Supporting Files */,
				60FD8DB5285D441600B652C8 /* Assets.xcassets */,
			);
			path = "iOS-Calculator";
			sourceTree = "<group>";
		};
		60FD8DC2285D441600B652C8 /* iOS-CalculatorTests */ = {
			isa = PBXGroup;
			children = (
				60FD8DC3285D441700B652C8 /* iOS_CalculatorTests.swift */,
			);
			path = "iOS-CalculatorTests";
			sourceTree = "<group>";
		};
		60FD8DCC285D441700B652C8 /* iOS-CalculatorUITests */ = {
			isa = PBXGroup;
			children = (
				60FD8DCD285D441700B652C8 /* iOS_CalculatorUITests.swift */,
				60FD8DCF285D441700B652C8 /* iOS_CalculatorUITestsLaunchTests.swift */,
			);
			path = "iOS-CalculatorUITests";
			sourceTree = "<group>";
		};
		60FD8DDC285D44BF00B652C8 /* Supporting Files */ = {
			isa = PBXGroup;
			children = (
				60FD8DBA285D441600B652C8 /* Info.plist */,
			);
			path = "Supporting Files";
			sourceTree = "<group>";
		};
/* End PBXGroup section */

/* Begin PBXNativeTarget section */
		60FD8DA8285D441000B652C8 /* iOS-Calculator */ = {
			isa = PBXNativeTarget;
			buildConfigurationList = 60FD8DD3285D441700B652C8 /* Build configuration list for PBXNativeTarget "iOS-Calculator" */;
			buildPhases = (
				60FD8DA5285D441000B652C8 /* Sources */,
				60FD8DA6285D441000B652C8 /* Frameworks */,
				60FD8DA7285D441000B652C8 /* Resources */,
			);
			buildRules = (
			);
			dependencies = (
			);
			name = "iOS-Calculator";
			productName = "iOS-Calculator";
			productReference = 60FD8DA9285D441000B652C8 /* iOS-Calculator.app */;
			productType = "com.apple.product-type.application";
		};
		60FD8DBE285D441600B652C8 /* iOS-CalculatorTests */ = {
			isa = PBXNativeTarget;
			buildConfigurationList = 60FD8DD6285D441700B652C8 /* Build configuration list for PBXNativeTarget "iOS-CalculatorTests" */;
			buildPhases = (
				60FD8DBB285D441600B652C8 /* Sources */,
				60FD8DBC285D441600B652C8 /* Frameworks */,
				60FD8DBD285D441600B652C8 /* Resources */,
			);
			buildRules = (
			);
			dependencies = (
				60FD8DC1285D441600B652C8 /* PBXTargetDependency */,
			);
			name = "iOS-CalculatorTests";
			productName = "iOS-CalculatorTests";
			productReference = 60FD8DBF285D441600B652C8 /* iOS-CalculatorTests.xctest */;
			productType = "com.apple.product-type.bundle.unit-test";
		};
		60FD8DC8285D441700B652C8 /* iOS-CalculatorUITests */ = {
			isa = PBXNativeTarget;
			buildConfigurationList = 60FD8DD9285D441700B652C8 /* Build configuration list for PBXNativeTarget "iOS-CalculatorUITests" */;
			buildPhases = (
				60FD8DC5285D441700B652C8 /* Sources */,
				60FD8DC6285D441700B652C8 /* Frameworks */,
				60FD8DC7285D441700B652C8 /* Resources */,
			);
			buildRules = (
			);
			dependencies = (
				60FD8DCB285D441700B652C8 /* PBXTargetDependency */,
			);
			name = "iOS-CalculatorUITests";
			productName = "iOS-CalculatorUITests";
			productReference = 60FD8DC9285D441700B652C8 /* iOS-CalculatorUITests.xctest */;
			productType = "com.apple.product-type.bundle.ui-testing";
		};
/* End PBXNativeTarget section */

/* Begin PBXProject section */
		60FD8DA1285D441000B652C8 /* Project object */ = {
			isa = PBXProject;
			attributes = {
				BuildIndependentTargetsInParallel = 1;
				LastSwiftUpdateCheck = 1320;
				LastUpgradeCheck = 1320;
				TargetAttributes = {
					60FD8DA8285D441000B652C8 = {
						CreatedOnToolsVersion = 13.2.1;
					};
					60FD8DBE285D441600B652C8 = {
						CreatedOnToolsVersion = 13.2.1;
						TestTargetID = 60FD8DA8285D441000B652C8;
					};
					60FD8DC8285D441700B652C8 = {
						CreatedOnToolsVersion = 13.2.1;
						TestTargetID = 60FD8DA8285D441000B652C8;
					};
				};
			};
			buildConfigurationList = 60FD8DA4285D441000B652C8 /* Build configuration list for PBXProject "iOS-Calculator" */;
			compatibilityVersion = "Xcode 13.0";
			developmentRegion = en;
			hasScannedForEncodings = 0;
			knownRegions = (
				en,
				Base,
			);
			mainGroup = 60FD8DA0285D441000B652C8;
			productRefGroup = 60FD8DAA285D441000B652C8 /* Products */;
			projectDirPath = "";
			projectRoot = "";
			targets = (
				60FD8DA8285D441000B652C8 /* iOS-Calculator */,
				60FD8DBE285D441600B652C8 /* iOS-CalculatorTests */,
				60FD8DC8285D441700B652C8 /* iOS-CalculatorUITests */,
			);
		};
/* End PBXProject section */

/* Begin PBXResourcesBuildPhase section */
		60FD8DA7285D441000B652C8 /* Resources */ = {
			isa = PBXResourcesBuildPhase;
			buildActionMask = 2147483647;
			files = (
				60FD8DB9285D441600B652C8 /* LaunchScreen.storyboard in Resources */,
				60FD8DB6285D441600B652C8 /* Assets.xcassets in Resources */,
				606926F0286902DB00016EA2 /* HomeViewController.xib in Resources */,
			);
			runOnlyForDeploymentPostprocessing = 0;
		};
		60FD8DBD285D441600B652C8 /* Resources */ = {
			isa = PBXResourcesBuildPhase;
			buildActionMask = 2147483647;
			files = (
			);
			runOnlyForDeploymentPostprocessing = 0;
		};
		60FD8DC7285D441700B652C8 /* Resources */ = {
			isa = PBXResourcesBuildPhase;
			buildActionMask = 2147483647;
			files = (
			);
			runOnlyForDeploymentPostprocessing = 0;
		};
/* End PBXResourcesBuildPhase section */

/* Begin PBXSourcesBuildPhase section */
		60FD8DA5285D441000B652C8 /* Sources */ = {
			isa = PBXSourcesBuildPhase;
			buildActionMask = 2147483647;
			files = (
				60FD8DAD285D441000B652C8 /* AppDelegate.swift in Sources */,
				606926EF286902DB00016EA2 /* HomeViewController.swift in Sources */,
				606926F22869178C00016EA2 /* UIButtonExtension.swift in Sources */,
			);
			runOnlyForDeploymentPostprocessing = 0;
		};
		60FD8DBB285D441600B652C8 /* Sources */ = {
			isa = PBXSourcesBuildPhase;
			buildActionMask = 2147483647;
			files = (
				60FD8DC4285D441700B652C8 /* iOS_CalculatorTests.swift in Sources */,
			);
			runOnlyForDeploymentPostprocessing = 0;
		};
		60FD8DC5285D441700B652C8 /* Sources */ = {
			isa = PBXSourcesBuildPhase;
			buildActionMask = 2147483647;
			files = (
				60FD8DD0285D441700B652C8 /* iOS_CalculatorUITestsLaunchTests.swift in Sources */,
				60FD8DCE285D441700B652C8 /* iOS_CalculatorUITests.swift in Sources */,
			);
			runOnlyForDeploymentPostprocessing = 0;
		};
/* End PBXSourcesBuildPhase section */

/* Begin PBXTargetDependency section */
		60FD8DC1285D441600B652C8 /* PBXTargetDependency */ = {
			isa = PBXTargetDependency;
			target = 60FD8DA8285D441000B652C8 /* iOS-Calculator */;
			targetProxy = 60FD8DC0285D441600B652C8 /* PBXContainerItemProxy */;
		};
		60FD8DCB285D441700B652C8 /* PBXTargetDependency */ = {
			isa = PBXTargetDependency;
			target = 60FD8DA8285D441000B652C8 /* iOS-Calculator */;
			targetProxy = 60FD8DCA285D441700B652C8 /* PBXContainerItemProxy */;
		};
/* End PBXTargetDependency section */

/* Begin PBXVariantGroup section */
		60FD8DB7285D441600B652C8 /* LaunchScreen.storyboard */ = {
			isa = PBXVariantGroup;
			children = (
				60FD8DB8285D441600B652C8 /* Base */,
			);
			name = LaunchScreen.storyboard;
			sourceTree = "<group>";
		};
/* End PBXVariantGroup section */

/* Begin XCBuildConfiguration section */
		60FD8DD1285D441700B652C8 /* Debug */ = {
			isa = XCBuildConfiguration;
			buildSettings = {
				ALWAYS_SEARCH_USER_PATHS = NO;
				CLANG_ANALYZER_NONNULL = YES;
				CLANG_ANALYZER_NUMBER_OBJECT_CONVERSION = YES_AGGRESSIVE;
				CLANG_CXX_LANGUAGE_STANDARD = "gnu++17";
				CLANG_CXX_LIBRARY = "libc++";
				CLANG_ENABLE_MODULES = YES;
				CLANG_ENABLE_OBJC_ARC = YES;
				CLANG_ENABLE_OBJC_WEAK = YES;
				CLANG_WARN_BLOCK_CAPTURE_AUTORELEASING = YES;
				CLANG_WARN_BOOL_CONVERSION = YES;
				CLANG_WARN_COMMA = YES;
				CLANG_WARN_CONSTANT_CONVERSION = YES;
				CLANG_WARN_DEPRECATED_OBJC_IMPLEMENTATIONS = YES;
				CLANG_WARN_DIRECT_OBJC_ISA_USAGE = YES_ERROR;
				CLANG_WARN_DOCUMENTATION_COMMENTS = YES;
				CLANG_WARN_EMPTY_BODY = YES;
				CLANG_WARN_ENUM_CONVERSION = YES;
				CLANG_WARN_INFINITE_RECURSION = YES;
				CLANG_WARN_INT_CONVERSION = YES;
				CLANG_WARN_NON_LITERAL_NULL_CONVERSION = YES;
				CLANG_WARN_OBJC_IMPLICIT_RETAIN_SELF = YES;
				CLANG_WARN_OBJC_LITERAL_CONVERSION = YES;
				CLANG_WARN_OBJC_ROOT_CLASS = YES_ERROR;
				CLANG_WARN_QUOTED_INCLUDE_IN_FRAMEWORK_HEADER = YES;
				CLANG_WARN_RANGE_LOOP_ANALYSIS = YES;
				CLANG_WARN_STRICT_PROTOTYPES = YES;
				CLANG_WARN_SUSPICIOUS_MOVE = YES;
				CLANG_WARN_UNGUARDED_AVAILABILITY = YES_AGGRESSIVE;
				CLANG_WARN_UNREACHABLE_CODE = YES;
				CLANG_WARN__DUPLICATE_METHOD_MATCH = YES;
				COPY_PHASE_STRIP = NO;
				DEBUG_INFORMATION_FORMAT = dwarf;
				ENABLE_STRICT_OBJC_MSGSEND = YES;
				ENABLE_TESTABILITY = YES;
				GCC_C_LANGUAGE_STANDARD = gnu11;
				GCC_DYNAMIC_NO_PIC = NO;
				GCC_NO_COMMON_BLOCKS = YES;
				GCC_OPTIMIZATION_LEVEL = 0;
				GCC_PREPROCESSOR_DEFINITIONS = (
					"DEBUG=1",
					"$(inherited)",
				);
				GCC_WARN_64_TO_32_BIT_CONVERSION = YES;
				GCC_WARN_ABOUT_RETURN_TYPE = YES_ERROR;
				GCC_WARN_UNDECLARED_SELECTOR = YES;
				GCC_WARN_UNINITIALIZED_AUTOS = YES_AGGRESSIVE;
				GCC_WARN_UNUSED_FUNCTION = YES;
				GCC_WARN_UNUSED_VARIABLE = YES;
				IPHONEOS_DEPLOYMENT_TARGET = 12.0;
				MTL_ENABLE_DEBUG_INFO = INCLUDE_SOURCE;
				MTL_FAST_MATH = YES;
				ONLY_ACTIVE_ARCH = YES;
				SDKROOT = iphoneos;
				SWIFT_ACTIVE_COMPILATION_CONDITIONS = DEBUG;
				SWIFT_OPTIMIZATION_LEVEL = "-Onone";
			};
			name = Debug;
		};
		60FD8DD2285D441700B652C8 /* Release */ = {
			isa = XCBuildConfiguration;
			buildSettings = {
				ALWAYS_SEARCH_USER_PATHS = NO;
				CLANG_ANALYZER_NONNULL = YES;
				CLANG_ANALYZER_NUMBER_OBJECT_CONVERSION = YES_AGGRESSIVE;
				CLANG_CXX_LANGUAGE_STANDARD = "gnu++17";
				CLANG_CXX_LIBRARY = "libc++";
				CLANG_ENABLE_MODULES = YES;
				CLANG_ENABLE_OBJC_ARC = YES;
				CLANG_ENABLE_OBJC_WEAK = YES;
				CLANG_WARN_BLOCK_CAPTURE_AUTORELEASING = YES;
				CLANG_WARN_BOOL_CONVERSION = YES;
				CLANG_WARN_COMMA = YES;
				CLANG_WARN_CONSTANT_CONVERSION = YES;
				CLANG_WARN_DEPRECATED_OBJC_IMPLEMENTATIONS = YES;
				CLANG_WARN_DIRECT_OBJC_ISA_USAGE = YES_ERROR;
				CLANG_WARN_DOCUMENTATION_COMMENTS = YES;
				CLANG_WARN_EMPTY_BODY = YES;
				CLANG_WARN_ENUM_CONVERSION = YES;
				CLANG_WARN_INFINITE_RECURSION = YES;
				CLANG_WARN_INT_CONVERSION = YES;
				CLANG_WARN_NON_LITERAL_NULL_CONVERSION = YES;
				CLANG_WARN_OBJC_IMPLICIT_RETAIN_SELF = YES;
				CLANG_WARN_OBJC_LITERAL_CONVERSION = YES;
				CLANG_WARN_OBJC_ROOT_CLASS = YES_ERROR;
				CLANG_WARN_QUOTED_INCLUDE_IN_FRAMEWORK_HEADER = YES;
				CLANG_WARN_RANGE_LOOP_ANALYSIS = YES;
				CLANG_WARN_STRICT_PROTOTYPES = YES;
				CLANG_WARN_SUSPICIOUS_MOVE = YES;
				CLANG_WARN_UNGUARDED_AVAILABILITY = YES_AGGRESSIVE;
				CLANG_WARN_UNREACHABLE_CODE = YES;
				CLANG_WARN__DUPLICATE_METHOD_MATCH = YES;
				COPY_PHASE_STRIP = NO;
				DEBUG_INFORMATION_FORMAT = "dwarf-with-dsym";
				ENABLE_NS_ASSERTIONS = NO;
				ENABLE_STRICT_OBJC_MSGSEND = YES;
				GCC_C_LANGUAGE_STANDARD = gnu11;
				GCC_NO_COMMON_BLOCKS = YES;
				GCC_WARN_64_TO_32_BIT_CONVERSION = YES;
				GCC_WARN_ABOUT_RETURN_TYPE = YES_ERROR;
				GCC_WARN_UNDECLARED_SELECTOR = YES;
				GCC_WARN_UNINITIALIZED_AUTOS = YES_AGGRESSIVE;
				GCC_WARN_UNUSED_FUNCTION = YES;
				GCC_WARN_UNUSED_VARIABLE = YES;
				IPHONEOS_DEPLOYMENT_TARGET = 12.0;
				MTL_ENABLE_DEBUG_INFO = NO;
				MTL_FAST_MATH = YES;
				SDKROOT = iphoneos;
				SWIFT_COMPILATION_MODE = wholemodule;
				SWIFT_OPTIMIZATION_LEVEL = "-O";
				VALIDATE_PRODUCT = YES;
			};
			name = Release;
		};
		60FD8DD4285D441700B652C8 /* Debug */ = {
			isa = XCBuildConfiguration;
			buildSettings = {
				ASSETCATALOG_COMPILER_APPICON_NAME = AppIcon;
				ASSETCATALOG_COMPILER_GLOBAL_ACCENT_COLOR_NAME = AccentColor;
				CODE_SIGN_STYLE = Automatic;
				CURRENT_PROJECT_VERSION = 1;
				DEVELOPMENT_TEAM = T34CA4GZAM;
				GENERATE_INFOPLIST_FILE = YES;
				INFOPLIST_FILE = "iOS-Calculator/Supporting Files/Info.plist";
				INFOPLIST_KEY_CFBundleDisplayName = "iOS Calculator";
				INFOPLIST_KEY_UIApplicationSupportsIndirectInputEvents = YES;
				INFOPLIST_KEY_UILaunchStoryboardName = LaunchScreen;
				INFOPLIST_KEY_UISupportedInterfaceOrientations = "UIInterfaceOrientationPortrait UIInterfaceOrientationLandscapeLeft UIInterfaceOrientationLandscapeRight";
				INFOPLIST_KEY_UISupportedInterfaceOrientations_iPad = "UIInterfaceOrientationPortrait UIInterfaceOrientationPortraitUpsideDown UIInterfaceOrientationLandscapeLeft UIInterfaceOrientationLandscapeRight";
				INFOPLIST_KEY_UISupportedInterfaceOrientations_iPhone = "UIInterfaceOrientationPortrait UIInterfaceOrientationLandscapeLeft UIInterfaceOrientationLandscapeRight";
				IPHONEOS_DEPLOYMENT_TARGET = 12.0;
				LD_RUNPATH_SEARCH_PATHS = (
					"$(inherited)",
					"@executable_path/Frameworks",
				);
				MARKETING_VERSION = 1.0;
				PRODUCT_BUNDLE_IDENTIFIER = "com.devlarios.iOS-Calculator";
				PRODUCT_NAME = "$(TARGET_NAME)";
				SWIFT_EMIT_LOC_STRINGS = YES;
				SWIFT_VERSION = 5.0;
				TARGETED_DEVICE_FAMILY = "1,2";
			};
			name = Debug;
		};
		60FD8DD5285D441700B652C8 /* Release */ = {
			isa = XCBuildConfiguration;
			buildSettings = {
				ASSETCATALOG_COMPILER_APPICON_NAME = AppIcon;
				ASSETCATALOG_COMPILER_GLOBAL_ACCENT_COLOR_NAME = AccentColor;
				CODE_SIGN_STYLE = Automatic;
				CURRENT_PROJECT_VERSION = 1;
				DEVELOPMENT_TEAM = T34CA4GZAM;
				GENERATE_INFOPLIST_FILE = YES;
				INFOPLIST_FILE = "iOS-Calculator/Supporting Files/Info.plist";
				INFOPLIST_KEY_CFBundleDisplayName = "iOS Calculator";
				INFOPLIST_KEY_UIApplicationSupportsIndirectInputEvents = YES;
				INFOPLIST_KEY_UILaunchStoryboardName = LaunchScreen;
				INFOPLIST_KEY_UISupportedInterfaceOrientations = "UIInterfaceOrientationPortrait UIInterfaceOrientationLandscapeLeft UIInterfaceOrientationLandscapeRight";
				INFOPLIST_KEY_UISupportedInterfaceOrientations_iPad = "UIInterfaceOrientationPortrait UIInterfaceOrientationPortraitUpsideDown UIInterfaceOrientationLandscapeLeft UIInterfaceOrientationLandscapeRight";
				INFOPLIST_KEY_UISupportedInterfaceOrientations_iPhone = "UIInterfaceOrientationPortrait UIInterfaceOrientationLandscapeLeft UIInterfaceOrientationLandscapeRight";
				IPHONEOS_DEPLOYMENT_TARGET = 12.0;
				LD_RUNPATH_SEARCH_PATHS = (
					"$(inherited)",
					"@executable_path/Frameworks",
				);
				MARKETING_VERSION = 1.0;
				PRODUCT_BUNDLE_IDENTIFIER = "com.devlarios.iOS-Calculator";
				PRODUCT_NAME = "$(TARGET_NAME)";
				SWIFT_EMIT_LOC_STRINGS = YES;
				SWIFT_VERSION = 5.0;
				TARGETED_DEVICE_FAMILY = "1,2";
			};
			name = Release;
		};
		60FD8DD7285D441700B652C8 /* Debug */ = {
			isa = XCBuildConfiguration;
			buildSettings = {
				ALWAYS_EMBED_SWIFT_STANDARD_LIBRARIES = YES;
				BUNDLE_LOADER = "$(TEST_HOST)";
				CODE_SIGN_STYLE = Automatic;
				CURRENT_PROJECT_VERSION = 1;
				DEVELOPMENT_TEAM = T34CA4GZAM;
				GENERATE_INFOPLIST_FILE = YES;
				IPHONEOS_DEPLOYMENT_TARGET = 15.2;
				MARKETING_VERSION = 1.0;
				PRODUCT_BUNDLE_IDENTIFIER = "com.devlarios.iOS-CalculatorTests";
				PRODUCT_NAME = "$(TARGET_NAME)";
				SWIFT_EMIT_LOC_STRINGS = NO;
				SWIFT_VERSION = 5.0;
				TARGETED_DEVICE_FAMILY = "1,2";
				TEST_HOST = "$(BUILT_PRODUCTS_DIR)/iOS-Calculator.app/iOS-Calculator";
			};
			name = Debug;
		};
		60FD8DD8285D441700B652C8 /* Release */ = {
			isa = XCBuildConfiguration;
			buildSettings = {
				ALWAYS_EMBED_SWIFT_STANDARD_LIBRARIES = YES;
				BUNDLE_LOADER = "$(TEST_HOST)";
				CODE_SIGN_STYLE = Automatic;
				CURRENT_PROJECT_VERSION = 1;
				DEVELOPMENT_TEAM = T34CA4GZAM;
				GENERATE_INFOPLIST_FILE = YES;
				IPHONEOS_DEPLOYMENT_TARGET = 15.2;
				MARKETING_VERSION = 1.0;
				PRODUCT_BUNDLE_IDENTIFIER = "com.devlarios.iOS-CalculatorTests";
				PRODUCT_NAME = "$(TARGET_NAME)";
				SWIFT_EMIT_LOC_STRINGS = NO;
				SWIFT_VERSION = 5.0;
				TARGETED_DEVICE_FAMILY = "1,2";
				TEST_HOST = "$(BUILT_PRODUCTS_DIR)/iOS-Calculator.app/iOS-Calculator";
			};
			name = Release;
		};
		60FD8DDA285D441700B652C8 /* Debug */ = {
			isa = XCBuildConfiguration;
			buildSettings = {
				ALWAYS_EMBED_SWIFT_STANDARD_LIBRARIES = YES;
				CODE_SIGN_STYLE = Automatic;
				CURRENT_PROJECT_VERSION = 1;
				DEVELOPMENT_TEAM = T34CA4GZAM;
				GENERATE_INFOPLIST_FILE = YES;
				MARKETING_VERSION = 1.0;
				PRODUCT_BUNDLE_IDENTIFIER = "com.devlarios.iOS-CalculatorUITests";
				PRODUCT_NAME = "$(TARGET_NAME)";
				SWIFT_EMIT_LOC_STRINGS = NO;
				SWIFT_VERSION = 5.0;
				TARGETED_DEVICE_FAMILY = "1,2";
				TEST_TARGET_NAME = "iOS-Calculator";
			};
			name = Debug;
		};
		60FD8DDB285D441700B652C8 /* Release */ = {
			isa = XCBuildConfiguration;
			buildSettings = {
				ALWAYS_EMBED_SWIFT_STANDARD_LIBRARIES = YES;
				CODE_SIGN_STYLE = Automatic;
				CURRENT_PROJECT_VERSION = 1;
				DEVELOPMENT_TEAM = T34CA4GZAM;
				GENERATE_INFOPLIST_FILE = YES;
				MARKETING_VERSION = 1.0;
				PRODUCT_BUNDLE_IDENTIFIER = "com.devlarios.iOS-CalculatorUITests";
				PRODUCT_NAME = "$(TARGET_NAME)";
				SWIFT_EMIT_LOC_STRINGS = NO;
				SWIFT_VERSION = 5.0;
				TARGETED_DEVICE_FAMILY = "1,2";
				TEST_TARGET_NAME = "iOS-Calculator";
			};
			name = Release;
		};
/* End XCBuildConfiguration section */

/* Begin XCConfigurationList section */
		60FD8DA4285D441000B652C8 /* Build configuration list for PBXProject "iOS-Calculator" */ = {
			isa = XCConfigurationList;
			buildConfigurations = (
				60FD8DD1285D441700B652C8 /* Debug */,
				60FD8DD2285D441700B652C8 /* Release */,
			);
			defaultConfigurationIsVisible = 0;
			defaultConfigurationName = Release;
		};
		60FD8DD3285D441700B652C8 /* Build configuration list for PBXNativeTarget "iOS-Calculator" */ = {
			isa = XCConfigurationList;
			buildConfigurations = (
				60FD8DD4285D441700B652C8 /* Debug */,
				60FD8DD5285D441700B652C8 /* Release */,
			);
			defaultConfigurationIsVisible = 0;
			defaultConfigurationName = Release;
		};
		60FD8DD6285D441700B652C8 /* Build configuration list for PBXNativeTarget "iOS-CalculatorTests" */ = {
			isa = XCConfigurationList;
			buildConfigurations = (
				60FD8DD7285D441700B652C8 /* Debug */,
				60FD8DD8285D441700B652C8 /* Release */,
			);
			defaultConfigurationIsVisible = 0;
			defaultConfigurationName = Release;
		};
		60FD8DD9285D441700B652C8 /* Build configuration list for PBXNativeTarget "iOS-CalculatorUITests" */ = {
			isa = XCConfigurationList;
			buildConfigurations = (
				60FD8DDA285D441700B652C8 /* Debug */,
				60FD8DDB285D441700B652C8 /* Release */,
			);
			defaultConfigurationIsVisible = 0;
			defaultConfigurationName = Release;
		};
/* End XCConfigurationList section */
	};
	rootObject = 60FD8DA1285D441000B652C8 /* Project object */;
}
